// !$*UTF8*$!
{
	archiveVersion = 1;
	classes = {
	};
	objectVersion = 46;
	objects = {

/* Begin PBXBuildFile section */
		225D21581B1F8AB0007DD37B /* AppDelegate.swift in Sources */ = {isa = PBXBuildFile; fileRef = 225D21571B1F8AB0007DD37B /* AppDelegate.swift */; };
		225D215B1B1F8AB0007DD37B /* opus_interface.xcdatamodeld in Sources */ = {isa = PBXBuildFile; fileRef = 225D21591B1F8AB0007DD37B /* opus_interface.xcdatamodeld */; };
		225D215D1B1F8AB0007DD37B /* ViewController.swift in Sources */ = {isa = PBXBuildFile; fileRef = 225D215C1B1F8AB0007DD37B /* ViewController.swift */; };
		225D21601B1F8AB0007DD37B /* Main.storyboard in Resources */ = {isa = PBXBuildFile; fileRef = 225D215E1B1F8AB0007DD37B /* Main.storyboard */; };
		225D21651B1F8AB0007DD37B /* LaunchScreen.xib in Resources */ = {isa = PBXBuildFile; fileRef = 225D21631B1F8AB0007DD37B /* LaunchScreen.xib */; };
		225D21711B1F8AB0007DD37B /* opus_interfaceTests.swift in Sources */ = {isa = PBXBuildFile; fileRef = 225D21701B1F8AB0007DD37B /* opus_interfaceTests.swift */; };
		226C4DEA1B238583005DD6A3 /* grand_piano.sf2 in Resources */ = {isa = PBXBuildFile; fileRef = 226C4DE91B238583005DD6A3 /* grand_piano.sf2 */; };
		22D60F4E1B45940C00755C8F /* AppDelegate.swift in Sources */ = {isa = PBXBuildFile; fileRef = 225D21571B1F8AB0007DD37B /* AppDelegate.swift */; };
		22D60F4F1B45940C00755C8F /* ViewController.swift in Sources */ = {isa = PBXBuildFile; fileRef = 225D215C1B1F8AB0007DD37B /* ViewController.swift */; };
		22FE60DE1B4AFB6500310FBA /* DMDynamicViewController.swift in Sources */ = {isa = PBXBuildFile; fileRef = 22FE60BB1B4AFB6500310FBA /* DMDynamicViewController.swift */; };
		22FE60DF1B4AFB6500310FBA /* DMDynamicViewController.swift in Sources */ = {isa = PBXBuildFile; fileRef = 22FE60BB1B4AFB6500310FBA /* DMDynamicViewController.swift */; };
		22FE60E01B4AFB6500310FBA /* FloatingMenuPopView.xib in Resources */ = {isa = PBXBuildFile; fileRef = 22FE60BC1B4AFB6500310FBA /* FloatingMenuPopView.xib */; };
		22FE60E11B4AFB6500310FBA /* FloatingMenuPopView.xib in Resources */ = {isa = PBXBuildFile; fileRef = 22FE60BC1B4AFB6500310FBA /* FloatingMenuPopView.xib */; };
		22FE60E21B4AFB6500310FBA /* FloatingMenuPopViewController.swift in Sources */ = {isa = PBXBuildFile; fileRef = 22FE60BD1B4AFB6500310FBA /* FloatingMenuPopViewController.swift */; };
		22FE60E31B4AFB6500310FBA /* FloatingMenuPopViewController.swift in Sources */ = {isa = PBXBuildFile; fileRef = 22FE60BD1B4AFB6500310FBA /* FloatingMenuPopViewController.swift */; };
		22FE60E41B4AFB6500310FBA /* GraphicConstants.swift in Sources */ = {isa = PBXBuildFile; fileRef = 22FE60BE1B4AFB6500310FBA /* GraphicConstants.swift */; };
		22FE60E51B4AFB6500310FBA /* GraphicConstants.swift in Sources */ = {isa = PBXBuildFile; fileRef = 22FE60BE1B4AFB6500310FBA /* GraphicConstants.swift */; };
		22FE60E61B4AFB6500310FBA /* Images.xcassets in Resources */ = {isa = PBXBuildFile; fileRef = 22FE60BF1B4AFB6500310FBA /* Images.xcassets */; };
		22FE60E71B4AFB6500310FBA /* Images.xcassets in Resources */ = {isa = PBXBuildFile; fileRef = 22FE60BF1B4AFB6500310FBA /* Images.xcassets */; };
		22FE60E81B4AFB6500310FBA /* LaunchViewController.swift in Sources */ = {isa = PBXBuildFile; fileRef = 22FE60C01B4AFB6500310FBA /* LaunchViewController.swift */; };
		22FE60E91B4AFB6500310FBA /* LaunchViewController.swift in Sources */ = {isa = PBXBuildFile; fileRef = 22FE60C01B4AFB6500310FBA /* LaunchViewController.swift */; };
		22FE60EA1B4AFB6500310FBA /* MeasureViewController.swift in Sources */ = {isa = PBXBuildFile; fileRef = 22FE60C11B4AFB6500310FBA /* MeasureViewController.swift */; };
		22FE60EB1B4AFB6500310FBA /* MeasureViewController.swift in Sources */ = {isa = PBXBuildFile; fileRef = 22FE60C11B4AFB6500310FBA /* MeasureViewController.swift */; };
		22FE60EC1B4AFB6500310FBA /* NewUINote.swift in Sources */ = {isa = PBXBuildFile; fileRef = 22FE60C21B4AFB6500310FBA /* NewUINote.swift */; };
		22FE60ED1B4AFB6500310FBA /* NewUINote.swift in Sources */ = {isa = PBXBuildFile; fileRef = 22FE60C21B4AFB6500310FBA /* NewUINote.swift */; };
		22FE60EE1B4AFB6500310FBA /* NoteSelectedPopView.xib in Resources */ = {isa = PBXBuildFile; fileRef = 22FE60C31B4AFB6500310FBA /* NoteSelectedPopView.xib */; };
		22FE60EF1B4AFB6500310FBA /* NoteSelectedPopView.xib in Resources */ = {isa = PBXBuildFile; fileRef = 22FE60C31B4AFB6500310FBA /* NoteSelectedPopView.xib */; };
		22FE60F01B4AFB6500310FBA /* NoteSelectedPopViewController.swift in Sources */ = {isa = PBXBuildFile; fileRef = 22FE60C41B4AFB6500310FBA /* NoteSelectedPopViewController.swift */; };
		22FE60F11B4AFB6500310FBA /* NoteSelectedPopViewController.swift in Sources */ = {isa = PBXBuildFile; fileRef = 22FE60C41B4AFB6500310FBA /* NoteSelectedPopViewController.swift */; };
		22FE60F21B4AFB6500310FBA /* OldStaffViewController.swift in Sources */ = {isa = PBXBuildFile; fileRef = 22FE60C51B4AFB6500310FBA /* OldStaffViewController.swift */; };
		22FE60F31B4AFB6500310FBA /* OldStaffViewController.swift in Sources */ = {isa = PBXBuildFile; fileRef = 22FE60C51B4AFB6500310FBA /* OldStaffViewController.swift */; };
		22FE60F41B4AFB6500310FBA /* Opus.swift in Sources */ = {isa = PBXBuildFile; fileRef = 22FE60C61B4AFB6500310FBA /* Opus.swift */; };
		22FE60F51B4AFB6500310FBA /* Opus.swift in Sources */ = {isa = PBXBuildFile; fileRef = 22FE60C61B4AFB6500310FBA /* Opus.swift */; };
		22FE60F61B4AFB6500310FBA /* OpusMenuUIScrollView.swift in Sources */ = {isa = PBXBuildFile; fileRef = 22FE60C71B4AFB6500310FBA /* OpusMenuUIScrollView.swift */; };
		22FE60F71B4AFB6500310FBA /* OpusMenuUIScrollView.swift in Sources */ = {isa = PBXBuildFile; fileRef = 22FE60C71B4AFB6500310FBA /* OpusMenuUIScrollView.swift */; };
		22FE60F81B4AFB6500310FBA /* PlaybackMenuViewController.swift in Sources */ = {isa = PBXBuildFile; fileRef = 22FE60C81B4AFB6500310FBA /* PlaybackMenuViewController.swift */; };
		22FE60F91B4AFB6500310FBA /* PlaybackMenuViewController.swift in Sources */ = {isa = PBXBuildFile; fileRef = 22FE60C81B4AFB6500310FBA /* PlaybackMenuViewController.swift */; };
		22FE60FA1B4AFB6500310FBA /* StaffContainerViewController.swift in Sources */ = {isa = PBXBuildFile; fileRef = 22FE60C91B4AFB6500310FBA /* StaffContainerViewController.swift */; };
		22FE60FB1B4AFB6500310FBA /* StaffContainerViewController.swift in Sources */ = {isa = PBXBuildFile; fileRef = 22FE60C91B4AFB6500310FBA /* StaffContainerViewController.swift */; };
		22FE60FC1B4AFB6500310FBA /* StaffEditorViewController.swift in Sources */ = {isa = PBXBuildFile; fileRef = 22FE60CA1B4AFB6500310FBA /* StaffEditorViewController.swift */; };
		22FE60FD1B4AFB6500310FBA /* StaffEditorViewController.swift in Sources */ = {isa = PBXBuildFile; fileRef = 22FE60CA1B4AFB6500310FBA /* StaffEditorViewController.swift */; };
		22FE60FE1B4AFB6500310FBA /* StaffNavigationViewController.swift in Sources */ = {isa = PBXBuildFile; fileRef = 22FE60CB1B4AFB6500310FBA /* StaffNavigationViewController.swift */; };
		22FE60FF1B4AFB6500310FBA /* StaffNavigationViewController.swift in Sources */ = {isa = PBXBuildFile; fileRef = 22FE60CB1B4AFB6500310FBA /* StaffNavigationViewController.swift */; };
		22FE61001B4AFB6500310FBA /* StaffScrollView.swift in Sources */ = {isa = PBXBuildFile; fileRef = 22FE60CC1B4AFB6500310FBA /* StaffScrollView.swift */; };
		22FE61011B4AFB6500310FBA /* StaffScrollView.swift in Sources */ = {isa = PBXBuildFile; fileRef = 22FE60CC1B4AFB6500310FBA /* StaffScrollView.swift */; };
		22FE61021B4AFB6500310FBA /* OldUINote.swift in Sources */ = {isa = PBXBuildFile; fileRef = 22FE60CD1B4AFB6500310FBA /* OldUINote.swift */; };
		22FE61031B4AFB6500310FBA /* OldUINote.swift in Sources */ = {isa = PBXBuildFile; fileRef = 22FE60CD1B4AFB6500310FBA /* OldUINote.swift */; };
		22FE61041B4AFB6500310FBA /* AudioAdapter.swift in Sources */ = {isa = PBXBuildFile; fileRef = 22FE60CE1B4AFB6500310FBA /* AudioAdapter.swift */; };
		22FE61051B4AFB6500310FBA /* AudioAdapter.swift in Sources */ = {isa = PBXBuildFile; fileRef = 22FE60CE1B4AFB6500310FBA /* AudioAdapter.swift */; };
		22FE61061B4AFB6500310FBA /* AudioToolboxError.swift in Sources */ = {isa = PBXBuildFile; fileRef = 22FE60CF1B4AFB6500310FBA /* AudioToolboxError.swift */; };
		22FE61071B4AFB6500310FBA /* AudioToolboxError.swift in Sources */ = {isa = PBXBuildFile; fileRef = 22FE60CF1B4AFB6500310FBA /* AudioToolboxError.swift */; };
		22FE61081B4AFB6500310FBA /* Convert.swift in Sources */ = {isa = PBXBuildFile; fileRef = 22FE60D01B4AFB6500310FBA /* Convert.swift */; };
		22FE61091B4AFB6500310FBA /* Convert.swift in Sources */ = {isa = PBXBuildFile; fileRef = 22FE60D01B4AFB6500310FBA /* Convert.swift */; };
		22FE610A1B4AFB6500310FBA /* opus_interface.xcdatamodeld in Sources */ = {isa = PBXBuildFile; fileRef = 22FE60D11B4AFB6500310FBA /* opus_interface.xcdatamodeld */; };
		22FE610B1B4AFB6500310FBA /* opus_interface.xcdatamodeld in Sources */ = {isa = PBXBuildFile; fileRef = 22FE60D11B4AFB6500310FBA /* opus_interface.xcdatamodeld */; };
		22FE610C1B4AFB6500310FBA /* OpusAudioPlayer.swift in Sources */ = {isa = PBXBuildFile; fileRef = 22FE60D31B4AFB6500310FBA /* OpusAudioPlayer.swift */; };
		22FE610D1B4AFB6500310FBA /* OpusAudioPlayer.swift in Sources */ = {isa = PBXBuildFile; fileRef = 22FE60D31B4AFB6500310FBA /* OpusAudioPlayer.swift */; };
		22FE610E1B4AFB6500310FBA /* OpusAUGraph.swift in Sources */ = {isa = PBXBuildFile; fileRef = 22FE60D41B4AFB6500310FBA /* OpusAUGraph.swift */; };
		22FE610F1B4AFB6500310FBA /* OpusAUGraph.swift in Sources */ = {isa = PBXBuildFile; fileRef = 22FE60D41B4AFB6500310FBA /* OpusAUGraph.swift */; };
		22FE61101B4AFB6500310FBA /* OpusKeySignature.swift in Sources */ = {isa = PBXBuildFile; fileRef = 22FE60D51B4AFB6500310FBA /* OpusKeySignature.swift */; };
		22FE61111B4AFB6500310FBA /* OpusKeySignature.swift in Sources */ = {isa = PBXBuildFile; fileRef = 22FE60D51B4AFB6500310FBA /* OpusKeySignature.swift */; };
		22FE61121B4AFB6500310FBA /* OpusMIDIAdapter.swift in Sources */ = {isa = PBXBuildFile; fileRef = 22FE60D61B4AFB6500310FBA /* OpusMIDIAdapter.swift */; };
		22FE61131B4AFB6500310FBA /* OpusMIDIAdapter.swift in Sources */ = {isa = PBXBuildFile; fileRef = 22FE60D61B4AFB6500310FBA /* OpusMIDIAdapter.swift */; };
		22FE61141B4AFB6500310FBA /* OpusNote.swift in Sources */ = {isa = PBXBuildFile; fileRef = 22FE60D71B4AFB6500310FBA /* OpusNote.swift */; };
		22FE61151B4AFB6500310FBA /* OpusNote.swift in Sources */ = {isa = PBXBuildFile; fileRef = 22FE60D71B4AFB6500310FBA /* OpusNote.swift */; };
		22FE61161B4AFB6500310FBA /* OpusNoteValue.swift in Sources */ = {isa = PBXBuildFile; fileRef = 22FE60D81B4AFB6500310FBA /* OpusNoteValue.swift */; };
		22FE61171B4AFB6500310FBA /* OpusNoteValue.swift in Sources */ = {isa = PBXBuildFile; fileRef = 22FE60D81B4AFB6500310FBA /* OpusNoteValue.swift */; };
		22FE61181B4AFB6500310FBA /* OpusRest.swift in Sources */ = {isa = PBXBuildFile; fileRef = 22FE60D91B4AFB6500310FBA /* OpusRest.swift */; };
		22FE61191B4AFB6500310FBA /* OpusRest.swift in Sources */ = {isa = PBXBuildFile; fileRef = 22FE60D91B4AFB6500310FBA /* OpusRest.swift */; };
		22FE611A1B4AFB6500310FBA /* OpusStaff.swift in Sources */ = {isa = PBXBuildFile; fileRef = 22FE60DA1B4AFB6500310FBA /* OpusStaff.swift */; };
		22FE611B1B4AFB6500310FBA /* OpusStaff.swift in Sources */ = {isa = PBXBuildFile; fileRef = 22FE60DA1B4AFB6500310FBA /* OpusStaff.swift */; };
		22FE611C1B4AFB6500310FBA /* OpusStaffEvent.swift in Sources */ = {isa = PBXBuildFile; fileRef = 22FE60DB1B4AFB6500310FBA /* OpusStaffEvent.swift */; };
		22FE611D1B4AFB6500310FBA /* OpusStaffEvent.swift in Sources */ = {isa = PBXBuildFile; fileRef = 22FE60DB1B4AFB6500310FBA /* OpusStaffEvent.swift */; };
		22FE611E1B4AFB6500310FBA /* OpusTimeSignature.swift in Sources */ = {isa = PBXBuildFile; fileRef = 22FE60DC1B4AFB6500310FBA /* OpusTimeSignature.swift */; };
		22FE611F1B4AFB6500310FBA /* OpusTimeSignature.swift in Sources */ = {isa = PBXBuildFile; fileRef = 22FE60DC1B4AFB6500310FBA /* OpusTimeSignature.swift */; };
		22FE61201B4AFB6500310FBA /* StaffViewModel.swift in Sources */ = {isa = PBXBuildFile; fileRef = 22FE60DD1B4AFB6500310FBA /* StaffViewModel.swift */; };
		22FE61211B4AFB6500310FBA /* StaffViewModel.swift in Sources */ = {isa = PBXBuildFile; fileRef = 22FE60DD1B4AFB6500310FBA /* StaffViewModel.swift */; };
		BBFCACD61B307CA3003E0BDD /* MusicKit.framework in Copy Frameworks */ = {isa = PBXBuildFile; fileRef = BBFCACD11B307C8B003E0BDD /* MusicKit.framework */; settings = {ATTRIBUTES = (CodeSignOnCopy, RemoveHeadersOnCopy, ); }; };
/* End PBXBuildFile section */

/* Begin PBXContainerItemProxy section */
		225D216B1B1F8AB0007DD37B /* PBXContainerItemProxy */ = {
			isa = PBXContainerItemProxy;
			containerPortal = 225D214A1B1F8AB0007DD37B /* Project object */;
			proxyType = 1;
			remoteGlobalIDString = 225D21511B1F8AB0007DD37B;
			remoteInfo = "opus-interface";
		};
		BBFCACCE1B307C8B003E0BDD /* PBXContainerItemProxy */ = {
			isa = PBXContainerItemProxy;
			containerPortal = BBFCACC71B307C8B003E0BDD /* MusicKit.xcodeproj */;
			proxyType = 2;
			remoteGlobalIDString = 96F299221A5663E500D7B006;
			remoteInfo = MusicKit_OSX;
		};
		BBFCACD01B307C8B003E0BDD /* PBXContainerItemProxy */ = {
			isa = PBXContainerItemProxy;
			containerPortal = BBFCACC71B307C8B003E0BDD /* MusicKit.xcodeproj */;
			proxyType = 2;
			remoteGlobalIDString = 9693F6531A57C403006270F4;
			remoteInfo = MusicKit_iOS;
		};
		BBFCACD21B307C8B003E0BDD /* PBXContainerItemProxy */ = {
			isa = PBXContainerItemProxy;
			containerPortal = BBFCACC71B307C8B003E0BDD /* MusicKit.xcodeproj */;
			proxyType = 2;
			remoteGlobalIDString = 96F2992D1A5663E500D7B006;
			remoteInfo = MusicKit_OSXTests;
		};
		BBFCACD41B307C8B003E0BDD /* PBXContainerItemProxy */ = {
			isa = PBXContainerItemProxy;
			containerPortal = BBFCACC71B307C8B003E0BDD /* MusicKit.xcodeproj */;
			proxyType = 2;
			remoteGlobalIDString = 9691BB241A57C75500421B56;
			remoteInfo = MusicKit_iOSTests;
		};
/* End PBXContainerItemProxy section */

/* Begin PBXCopyFilesBuildPhase section */
		225D21851B1F98E9007DD37B /* Copy Frameworks */ = {
			isa = PBXCopyFilesBuildPhase;
			buildActionMask = 2147483647;
			dstPath = "";
			dstSubfolderSpec = 10;
			files = (
				BBFCACD61B307CA3003E0BDD /* MusicKit.framework in Copy Frameworks */,
			);
			name = "Copy Frameworks";
			runOnlyForDeploymentPostprocessing = 0;
		};
/* End PBXCopyFilesBuildPhase section */

/* Begin PBXFileReference section */
		225D21521B1F8AB0007DD37B /* opus-interface.app */ = {isa = PBXFileReference; explicitFileType = wrapper.application; includeInIndex = 0; path = "opus-interface.app"; sourceTree = BUILT_PRODUCTS_DIR; };
		225D21561B1F8AB0007DD37B /* Info.plist */ = {isa = PBXFileReference; lastKnownFileType = text.plist.xml; path = Info.plist; sourceTree = "<group>"; };
		225D21571B1F8AB0007DD37B /* AppDelegate.swift */ = {isa = PBXFileReference; lastKnownFileType = sourcecode.swift; path = AppDelegate.swift; sourceTree = "<group>"; };
		225D215A1B1F8AB0007DD37B /* opus_interface.xcdatamodel */ = {isa = PBXFileReference; lastKnownFileType = wrapper.xcdatamodel; path = opus_interface.xcdatamodel; sourceTree = "<group>"; };
		225D215C1B1F8AB0007DD37B /* ViewController.swift */ = {isa = PBXFileReference; lastKnownFileType = sourcecode.swift; path = ViewController.swift; sourceTree = "<group>"; };
		225D215F1B1F8AB0007DD37B /* Base */ = {isa = PBXFileReference; lastKnownFileType = file.storyboard; name = Base; path = Base.lproj/Main.storyboard; sourceTree = "<group>"; };
		225D21611B1F8AB0007DD37B /* Images.xcassets */ = {isa = PBXFileReference; lastKnownFileType = folder.assetcatalog; path = Images.xcassets; sourceTree = "<group>"; };
		225D21641B1F8AB0007DD37B /* Base */ = {isa = PBXFileReference; lastKnownFileType = file.xib; name = Base; path = Base.lproj/LaunchScreen.xib; sourceTree = "<group>"; };
		225D216A1B1F8AB0007DD37B /* opus-interfaceTests.xctest */ = {isa = PBXFileReference; explicitFileType = wrapper.cfbundle; includeInIndex = 0; path = "opus-interfaceTests.xctest"; sourceTree = BUILT_PRODUCTS_DIR; };
		225D216F1B1F8AB0007DD37B /* Info.plist */ = {isa = PBXFileReference; lastKnownFileType = text.plist.xml; path = Info.plist; sourceTree = "<group>"; };
		225D21701B1F8AB0007DD37B /* opus_interfaceTests.swift */ = {isa = PBXFileReference; lastKnownFileType = sourcecode.swift; path = opus_interfaceTests.swift; sourceTree = "<group>"; };
		226C4DE91B238583005DD6A3 /* grand_piano.sf2 */ = {isa = PBXFileReference; lastKnownFileType = file; path = grand_piano.sf2; sourceTree = "<group>"; };
		22FE60BB1B4AFB6500310FBA /* DMDynamicViewController.swift */ = {isa = PBXFileReference; fileEncoding = 4; lastKnownFileType = sourcecode.swift; path = DMDynamicViewController.swift; sourceTree = "<group>"; };
		22FE60BC1B4AFB6500310FBA /* FloatingMenuPopView.xib */ = {isa = PBXFileReference; fileEncoding = 4; lastKnownFileType = file.xib; path = FloatingMenuPopView.xib; sourceTree = "<group>"; };
		22FE60BD1B4AFB6500310FBA /* FloatingMenuPopViewController.swift */ = {isa = PBXFileReference; fileEncoding = 4; lastKnownFileType = sourcecode.swift; path = FloatingMenuPopViewController.swift; sourceTree = "<group>"; };
		22FE60BE1B4AFB6500310FBA /* GraphicConstants.swift */ = {isa = PBXFileReference; fileEncoding = 4; lastKnownFileType = sourcecode.swift; path = GraphicConstants.swift; sourceTree = "<group>"; };
		22FE60BF1B4AFB6500310FBA /* Images.xcassets */ = {isa = PBXFileReference; lastKnownFileType = folder.assetcatalog; name = Images.xcassets; path = "opus-interface/Images.xcassets"; sourceTree = "<group>"; };
		22FE60C01B4AFB6500310FBA /* LaunchViewController.swift */ = {isa = PBXFileReference; fileEncoding = 4; lastKnownFileType = sourcecode.swift; path = LaunchViewController.swift; sourceTree = "<group>"; };
		22FE60C11B4AFB6500310FBA /* MeasureViewController.swift */ = {isa = PBXFileReference; fileEncoding = 4; lastKnownFileType = sourcecode.swift; path = MeasureViewController.swift; sourceTree = "<group>"; };
		22FE60C21B4AFB6500310FBA /* NewUINote.swift */ = {isa = PBXFileReference; fileEncoding = 4; lastKnownFileType = sourcecode.swift; path = NewUINote.swift; sourceTree = "<group>"; };
		22FE60C31B4AFB6500310FBA /* NoteSelectedPopView.xib */ = {isa = PBXFileReference; fileEncoding = 4; lastKnownFileType = file.xib; path = NoteSelectedPopView.xib; sourceTree = "<group>"; };
		22FE60C41B4AFB6500310FBA /* NoteSelectedPopViewController.swift */ = {isa = PBXFileReference; fileEncoding = 4; lastKnownFileType = sourcecode.swift; path = NoteSelectedPopViewController.swift; sourceTree = "<group>"; };
		22FE60C51B4AFB6500310FBA /* OldStaffViewController.swift */ = {isa = PBXFileReference; fileEncoding = 4; lastKnownFileType = sourcecode.swift; path = OldStaffViewController.swift; sourceTree = "<group>"; };
		22FE60C61B4AFB6500310FBA /* Opus.swift */ = {isa = PBXFileReference; fileEncoding = 4; lastKnownFileType = sourcecode.swift; path = Opus.swift; sourceTree = "<group>"; };
		22FE60C71B4AFB6500310FBA /* OpusMenuUIScrollView.swift */ = {isa = PBXFileReference; fileEncoding = 4; lastKnownFileType = sourcecode.swift; path = OpusMenuUIScrollView.swift; sourceTree = "<group>"; };
		22FE60C81B4AFB6500310FBA /* PlaybackMenuViewController.swift */ = {isa = PBXFileReference; fileEncoding = 4; lastKnownFileType = sourcecode.swift; path = PlaybackMenuViewController.swift; sourceTree = "<group>"; };
		22FE60C91B4AFB6500310FBA /* StaffContainerViewController.swift */ = {isa = PBXFileReference; fileEncoding = 4; lastKnownFileType = sourcecode.swift; path = StaffContainerViewController.swift; sourceTree = "<group>"; };
		22FE60CA1B4AFB6500310FBA /* StaffEditorViewController.swift */ = {isa = PBXFileReference; fileEncoding = 4; lastKnownFileType = sourcecode.swift; path = StaffEditorViewController.swift; sourceTree = "<group>"; };
		22FE60CB1B4AFB6500310FBA /* StaffNavigationViewController.swift */ = {isa = PBXFileReference; fileEncoding = 4; lastKnownFileType = sourcecode.swift; path = StaffNavigationViewController.swift; sourceTree = "<group>"; };
		22FE60CC1B4AFB6500310FBA /* StaffScrollView.swift */ = {isa = PBXFileReference; fileEncoding = 4; lastKnownFileType = sourcecode.swift; path = StaffScrollView.swift; sourceTree = "<group>"; };
		22FE60CD1B4AFB6500310FBA /* OldUINote.swift */ = {isa = PBXFileReference; fileEncoding = 4; lastKnownFileType = sourcecode.swift; path = OldUINote.swift; sourceTree = "<group>"; };
		22FE60CE1B4AFB6500310FBA /* AudioAdapter.swift */ = {isa = PBXFileReference; fileEncoding = 4; lastKnownFileType = sourcecode.swift; path = AudioAdapter.swift; sourceTree = "<group>"; };
		22FE60CF1B4AFB6500310FBA /* AudioToolboxError.swift */ = {isa = PBXFileReference; fileEncoding = 4; lastKnownFileType = sourcecode.swift; path = AudioToolboxError.swift; sourceTree = "<group>"; };
		22FE60D01B4AFB6500310FBA /* Convert.swift */ = {isa = PBXFileReference; fileEncoding = 4; lastKnownFileType = sourcecode.swift; path = Convert.swift; sourceTree = "<group>"; };
		22FE60D21B4AFB6500310FBA /* opus_interface.xcdatamodel */ = {isa = PBXFileReference; lastKnownFileType = wrapper.xcdatamodel; path = opus_interface.xcdatamodel; sourceTree = "<group>"; };
		22FE60D31B4AFB6500310FBA /* OpusAudioPlayer.swift */ = {isa = PBXFileReference; fileEncoding = 4; lastKnownFileType = sourcecode.swift; path = OpusAudioPlayer.swift; sourceTree = "<group>"; };
		22FE60D41B4AFB6500310FBA /* OpusAUGraph.swift */ = {isa = PBXFileReference; fileEncoding = 4; lastKnownFileType = sourcecode.swift; path = OpusAUGraph.swift; sourceTree = "<group>"; };
		22FE60D51B4AFB6500310FBA /* OpusKeySignature.swift */ = {isa = PBXFileReference; fileEncoding = 4; lastKnownFileType = sourcecode.swift; path = OpusKeySignature.swift; sourceTree = "<group>"; };
		22FE60D61B4AFB6500310FBA /* OpusMIDIAdapter.swift */ = {isa = PBXFileReference; fileEncoding = 4; lastKnownFileType = sourcecode.swift; path = OpusMIDIAdapter.swift; sourceTree = "<group>"; };
		22FE60D71B4AFB6500310FBA /* OpusNote.swift */ = {isa = PBXFileReference; fileEncoding = 4; lastKnownFileType = sourcecode.swift; path = OpusNote.swift; sourceTree = "<group>"; };
		22FE60D81B4AFB6500310FBA /* OpusNoteValue.swift */ = {isa = PBXFileReference; fileEncoding = 4; lastKnownFileType = sourcecode.swift; path = OpusNoteValue.swift; sourceTree = "<group>"; };
		22FE60D91B4AFB6500310FBA /* OpusRest.swift */ = {isa = PBXFileReference; fileEncoding = 4; lastKnownFileType = sourcecode.swift; path = OpusRest.swift; sourceTree = "<group>"; };
		22FE60DA1B4AFB6500310FBA /* OpusStaff.swift */ = {isa = PBXFileReference; fileEncoding = 4; lastKnownFileType = sourcecode.swift; path = OpusStaff.swift; sourceTree = "<group>"; };
		22FE60DB1B4AFB6500310FBA /* OpusStaffEvent.swift */ = {isa = PBXFileReference; fileEncoding = 4; lastKnownFileType = sourcecode.swift; path = OpusStaffEvent.swift; sourceTree = "<group>"; };
		22FE60DC1B4AFB6500310FBA /* OpusTimeSignature.swift */ = {isa = PBXFileReference; fileEncoding = 4; lastKnownFileType = sourcecode.swift; path = OpusTimeSignature.swift; sourceTree = "<group>"; };
		22FE60DD1B4AFB6500310FBA /* StaffViewModel.swift */ = {isa = PBXFileReference; fileEncoding = 4; lastKnownFileType = sourcecode.swift; path = StaffViewModel.swift; sourceTree = "<group>"; };
		BBFCACC71B307C8B003E0BDD /* MusicKit.xcodeproj */ = {isa = PBXFileReference; lastKnownFileType = "wrapper.pb-project"; name = MusicKit.xcodeproj; path = MusicKit/MusicKit.xcodeproj; sourceTree = "<group>"; };
/* End PBXFileReference section */

/* Begin PBXFrameworksBuildPhase section */
		225D214F1B1F8AB0007DD37B /* Frameworks */ = {
			isa = PBXFrameworksBuildPhase;
			buildActionMask = 2147483647;
			files = (
			);
			runOnlyForDeploymentPostprocessing = 0;
		};
		225D21671B1F8AB0007DD37B /* Frameworks */ = {
			isa = PBXFrameworksBuildPhase;
			buildActionMask = 2147483647;
			files = (
			);
			runOnlyForDeploymentPostprocessing = 0;
		};
/* End PBXFrameworksBuildPhase section */

/* Begin PBXGroup section */
		221997301B2B1EAB007BF9E6 /* model-tests */ = {
			isa = PBXGroup;
			children = (
			);
			name = "model-tests";
			sourceTree = "<group>";
		};
		221997311B2B1EBD007BF9E6 /* view-model-tests */ = {
			isa = PBXGroup;
			children = (
			);
			name = "view-model-tests";
			sourceTree = "<group>";
		};
		221997321B2B1ED5007BF9E6 /* audio-tests */ = {
			isa = PBXGroup;
			children = (
			);
			name = "audio-tests";
			sourceTree = "<group>";
		};
		225D21491B1F8AB0007DD37B = {
			isa = PBXGroup;
			children = (
				22FE60BF1B4AFB6500310FBA /* Images.xcassets */,
				22FE60D11B4AFB6500310FBA /* opus_interface.xcdatamodeld */,
				BBFCACC71B307C8B003E0BDD /* MusicKit.xcodeproj */,
				226C4DE71B238583005DD6A3 /* resources */,
				225D21541B1F8AB0007DD37B /* opus-interface */,
				225D216D1B1F8AB0007DD37B /* opus-interfaceTests */,
				225D21531B1F8AB0007DD37B /* Products */,
			);
			sourceTree = "<group>";
		};
		225D21531B1F8AB0007DD37B /* Products */ = {
			isa = PBXGroup;
			children = (
				225D21521B1F8AB0007DD37B /* opus-interface.app */,
				225D216A1B1F8AB0007DD37B /* opus-interfaceTests.xctest */,
			);
			name = Products;
			sourceTree = "<group>";
		};
		225D21541B1F8AB0007DD37B /* opus-interface */ = {
			isa = PBXGroup;
			children = (
				22FE60C61B4AFB6500310FBA /* Opus.swift */,
				22FE61281B4AFEF300310FBA /* view-models */,
				22FE61271B4AFEE800310FBA /* audio */,
				22FE61261B4AFEE100310FBA /* models */,
				22FE61251B4AFEDB00310FBA /* views */,
				22FE61241B4AFED400310FBA /* commands */,
				22FE61231B4AFEC700310FBA /* new-views */,
				22FE61221B4AFEC100310FBA /* helpers */,
				225D21571B1F8AB0007DD37B /* AppDelegate.swift */,
				225D215C1B1F8AB0007DD37B /* ViewController.swift */,
				225D215E1B1F8AB0007DD37B /* Main.storyboard */,
				225D21611B1F8AB0007DD37B /* Images.xcassets */,
				225D21631B1F8AB0007DD37B /* LaunchScreen.xib */,
				225D21591B1F8AB0007DD37B /* opus_interface.xcdatamodeld */,
				225D21551B1F8AB0007DD37B /* Supporting Files */,
			);
			path = "opus-interface";
			sourceTree = "<group>";
		};
		225D21551B1F8AB0007DD37B /* Supporting Files */ = {
			isa = PBXGroup;
			children = (
				225D21561B1F8AB0007DD37B /* Info.plist */,
			);
			name = "Supporting Files";
			sourceTree = "<group>";
		};
		225D216D1B1F8AB0007DD37B /* opus-interfaceTests */ = {
			isa = PBXGroup;
			children = (
				225D21701B1F8AB0007DD37B /* opus_interfaceTests.swift */,
				221997321B2B1ED5007BF9E6 /* audio-tests */,
				221997311B2B1EBD007BF9E6 /* view-model-tests */,
				221997301B2B1EAB007BF9E6 /* model-tests */,
				225D216E1B1F8AB0007DD37B /* Supporting Files */,
			);
			path = "opus-interfaceTests";
			sourceTree = "<group>";
		};
		225D216E1B1F8AB0007DD37B /* Supporting Files */ = {
			isa = PBXGroup;
			children = (
				225D216F1B1F8AB0007DD37B /* Info.plist */,
			);
			name = "Supporting Files";
			sourceTree = "<group>";
		};
		226C4DE71B238583005DD6A3 /* resources */ = {
			isa = PBXGroup;
			children = (
				226C4DE81B238583005DD6A3 /* instruments */,
			);
			path = resources;
			sourceTree = SOURCE_ROOT;
		};
		226C4DE81B238583005DD6A3 /* instruments */ = {
			isa = PBXGroup;
			children = (
				226C4DE91B238583005DD6A3 /* grand_piano.sf2 */,
			);
			path = instruments;
			sourceTree = "<group>";
		};
		22FE61221B4AFEC100310FBA /* helpers */ = {
			isa = PBXGroup;
			children = (
				22FE60D01B4AFB6500310FBA /* Convert.swift */,
			);
			name = helpers;
			sourceTree = "<group>";
		};
		22FE61231B4AFEC700310FBA /* new-views */ = {
			isa = PBXGroup;
			children = (
				22FE60C21B4AFB6500310FBA /* NewUINote.swift */,
				22FE60C81B4AFB6500310FBA /* PlaybackMenuViewController.swift */,
				22FE60C91B4AFB6500310FBA /* StaffContainerViewController.swift */,
				22FE60CA1B4AFB6500310FBA /* StaffEditorViewController.swift */,
				22FE60CB1B4AFB6500310FBA /* StaffNavigationViewController.swift */,
				22FE60CC1B4AFB6500310FBA /* StaffScrollView.swift */,
			);
			name = "new-views";
			sourceTree = "<group>";
		};
		22FE61241B4AFED400310FBA /* commands */ = {
			isa = PBXGroup;
			children = (
			);
			name = commands;
			sourceTree = "<group>";
		};
		22FE61251B4AFEDB00310FBA /* views */ = {
			isa = PBXGroup;
			children = (
				22FE60BB1B4AFB6500310FBA /* DMDynamicViewController.swift */,
				22FE60BC1B4AFB6500310FBA /* FloatingMenuPopView.xib */,
				22FE60BD1B4AFB6500310FBA /* FloatingMenuPopViewController.swift */,
				22FE60BE1B4AFB6500310FBA /* GraphicConstants.swift */,
				22FE60C01B4AFB6500310FBA /* LaunchViewController.swift */,
				22FE60C11B4AFB6500310FBA /* MeasureViewController.swift */,
				22FE60C31B4AFB6500310FBA /* NoteSelectedPopView.xib */,
				22FE60C41B4AFB6500310FBA /* NoteSelectedPopViewController.swift */,
				22FE60C51B4AFB6500310FBA /* OldStaffViewController.swift */,
				22FE60C71B4AFB6500310FBA /* OpusMenuUIScrollView.swift */,
				22FE60CD1B4AFB6500310FBA /* OldUINote.swift */,
			);
			name = views;
			sourceTree = "<group>";
		};
		22FE61261B4AFEE100310FBA /* models */ = {
			isa = PBXGroup;
			children = (
				22FE60D51B4AFB6500310FBA /* OpusKeySignature.swift */,
				22FE60D71B4AFB6500310FBA /* OpusNote.swift */,
				22FE60D81B4AFB6500310FBA /* OpusNoteValue.swift */,
				22FE60D91B4AFB6500310FBA /* OpusRest.swift */,
				22FE60DA1B4AFB6500310FBA /* OpusStaff.swift */,
				22FE60DB1B4AFB6500310FBA /* OpusStaffEvent.swift */,
				22FE60DC1B4AFB6500310FBA /* OpusTimeSignature.swift */,
			);
			name = models;
			sourceTree = "<group>";
		};
		22FE61271B4AFEE800310FBA /* audio */ = {
			isa = PBXGroup;
			children = (
				22FE60CE1B4AFB6500310FBA /* AudioAdapter.swift */,
				22FE60CF1B4AFB6500310FBA /* AudioToolboxError.swift */,
				22FE60D31B4AFB6500310FBA /* OpusAudioPlayer.swift */,
				22FE60D41B4AFB6500310FBA /* OpusAUGraph.swift */,
				22FE60D61B4AFB6500310FBA /* OpusMIDIAdapter.swift */,
			);
			name = audio;
			sourceTree = "<group>";
		};
		22FE61281B4AFEF300310FBA /* view-models */ = {
			isa = PBXGroup;
			children = (
				22FE60DD1B4AFB6500310FBA /* StaffViewModel.swift */,
			);
			name = "view-models";
			sourceTree = "<group>";
		};
		BBFCACC81B307C8B003E0BDD /* Products */ = {
			isa = PBXGroup;
			children = (
				BBFCACCF1B307C8B003E0BDD /* MusicKit.framework */,
				BBFCACD11B307C8B003E0BDD /* MusicKit.framework */,
				BBFCACD31B307C8B003E0BDD /* MusicKit_OSXTests.xctest */,
				BBFCACD51B307C8B003E0BDD /* MusicKit_iOSTests.xctest */,
			);
			name = Products;
			sourceTree = "<group>";
		};
/* End PBXGroup section */

/* Begin PBXNativeTarget section */
		225D21511B1F8AB0007DD37B /* opus-interface */ = {
			isa = PBXNativeTarget;
			buildConfigurationList = 225D21741B1F8AB0007DD37B /* Build configuration list for PBXNativeTarget "opus-interface" */;
			buildPhases = (
				225D214E1B1F8AB0007DD37B /* Sources */,
				225D214F1B1F8AB0007DD37B /* Frameworks */,
				225D21501B1F8AB0007DD37B /* Resources */,
				225D21851B1F98E9007DD37B /* Copy Frameworks */,
			);
			buildRules = (
			);
			dependencies = (
			);
			name = "opus-interface";
			productName = "opus-interface";
			productReference = 225D21521B1F8AB0007DD37B /* opus-interface.app */;
			productType = "com.apple.product-type.application";
		};
		225D21691B1F8AB0007DD37B /* opus-interfaceTests */ = {
			isa = PBXNativeTarget;
			buildConfigurationList = 225D21771B1F8AB0007DD37B /* Build configuration list for PBXNativeTarget "opus-interfaceTests" */;
			buildPhases = (
				225D21661B1F8AB0007DD37B /* Sources */,
				225D21671B1F8AB0007DD37B /* Frameworks */,
				225D21681B1F8AB0007DD37B /* Resources */,
			);
			buildRules = (
			);
			dependencies = (
				225D216C1B1F8AB0007DD37B /* PBXTargetDependency */,
			);
			name = "opus-interfaceTests";
			productName = "opus-interfaceTests";
			productReference = 225D216A1B1F8AB0007DD37B /* opus-interfaceTests.xctest */;
			productType = "com.apple.product-type.bundle.unit-test";
		};
/* End PBXNativeTarget section */

/* Begin PBXProject section */
		225D214A1B1F8AB0007DD37B /* Project object */ = {
			isa = PBXProject;
			attributes = {
				LastUpgradeCheck = 0630;
				ORGANIZATIONNAME = "Sam Dooman";
				TargetAttributes = {
					225D21511B1F8AB0007DD37B = {
						CreatedOnToolsVersion = 6.3.2;
					};
					225D21691B1F8AB0007DD37B = {
						CreatedOnToolsVersion = 6.3.2;
						TestTargetID = 225D21511B1F8AB0007DD37B;
					};
				};
			};
			buildConfigurationList = 225D214D1B1F8AB0007DD37B /* Build configuration list for PBXProject "opus-interface" */;
			compatibilityVersion = "Xcode 3.2";
			developmentRegion = English;
			hasScannedForEncodings = 0;
			knownRegions = (
				en,
				Base,
			);
			mainGroup = 225D21491B1F8AB0007DD37B;
			productRefGroup = 225D21531B1F8AB0007DD37B /* Products */;
			projectDirPath = "";
			projectReferences = (
				{
					ProductGroup = BBFCACC81B307C8B003E0BDD /* Products */;
					ProjectRef = BBFCACC71B307C8B003E0BDD /* MusicKit.xcodeproj */;
				},
			);
			projectRoot = "";
			targets = (
				225D21511B1F8AB0007DD37B /* opus-interface */,
				225D21691B1F8AB0007DD37B /* opus-interfaceTests */,
			);
		};
/* End PBXProject section */

/* Begin PBXReferenceProxy section */
		BBFCACCF1B307C8B003E0BDD /* MusicKit.framework */ = {
			isa = PBXReferenceProxy;
			fileType = wrapper.framework;
			path = MusicKit.framework;
			remoteRef = BBFCACCE1B307C8B003E0BDD /* PBXContainerItemProxy */;
			sourceTree = BUILT_PRODUCTS_DIR;
		};
		BBFCACD11B307C8B003E0BDD /* MusicKit.framework */ = {
			isa = PBXReferenceProxy;
			fileType = wrapper.framework;
			path = MusicKit.framework;
			remoteRef = BBFCACD01B307C8B003E0BDD /* PBXContainerItemProxy */;
			sourceTree = BUILT_PRODUCTS_DIR;
		};
		BBFCACD31B307C8B003E0BDD /* MusicKit_OSXTests.xctest */ = {
			isa = PBXReferenceProxy;
			fileType = wrapper.cfbundle;
			path = MusicKit_OSXTests.xctest;
			remoteRef = BBFCACD21B307C8B003E0BDD /* PBXContainerItemProxy */;
			sourceTree = BUILT_PRODUCTS_DIR;
		};
		BBFCACD51B307C8B003E0BDD /* MusicKit_iOSTests.xctest */ = {
			isa = PBXReferenceProxy;
			fileType = wrapper.cfbundle;
			path = MusicKit_iOSTests.xctest;
			remoteRef = BBFCACD41B307C8B003E0BDD /* PBXContainerItemProxy */;
			sourceTree = BUILT_PRODUCTS_DIR;
		};
/* End PBXReferenceProxy section */

/* Begin PBXResourcesBuildPhase section */
		225D21501B1F8AB0007DD37B /* Resources */ = {
			isa = PBXResourcesBuildPhase;
			buildActionMask = 2147483647;
			files = (
				225D21601B1F8AB0007DD37B /* Main.storyboard in Resources */,
				22FE60EE1B4AFB6500310FBA /* NoteSelectedPopView.xib in Resources */,
				225D21651B1F8AB0007DD37B /* LaunchScreen.xib in Resources */,
				226C4DEA1B238583005DD6A3 /* grand_piano.sf2 in Resources */,
				22FE60E61B4AFB6500310FBA /* Images.xcassets in Resources */,
				22FE60E01B4AFB6500310FBA /* FloatingMenuPopView.xib in Resources */,
			);
			runOnlyForDeploymentPostprocessing = 0;
		};
		225D21681B1F8AB0007DD37B /* Resources */ = {
			isa = PBXResourcesBuildPhase;
			buildActionMask = 2147483647;
			files = (
				22FE60E11B4AFB6500310FBA /* FloatingMenuPopView.xib in Resources */,
				22FE60E71B4AFB6500310FBA /* Images.xcassets in Resources */,
				22FE60EF1B4AFB6500310FBA /* NoteSelectedPopView.xib in Resources */,
			);
			runOnlyForDeploymentPostprocessing = 0;
		};
/* End PBXResourcesBuildPhase section */

/* Begin PBXSourcesBuildPhase section */
		225D214E1B1F8AB0007DD37B /* Sources */ = {
			isa = PBXSourcesBuildPhase;
			buildActionMask = 2147483647;
			files = (
				22FE60F21B4AFB6500310FBA /* OldStaffViewController.swift in Sources */,
				22FE61201B4AFB6500310FBA /* StaffViewModel.swift in Sources */,
				22FE610A1B4AFB6500310FBA /* opus_interface.xcdatamodeld in Sources */,
				22FE611E1B4AFB6500310FBA /* OpusTimeSignature.swift in Sources */,
				225D215D1B1F8AB0007DD37B /* ViewController.swift in Sources */,
				22FE60DE1B4AFB6500310FBA /* DMDynamicViewController.swift in Sources */,
				22FE61061B4AFB6500310FBA /* AudioToolboxError.swift in Sources */,
				22FE61101B4AFB6500310FBA /* OpusKeySignature.swift in Sources */,
				22FE60EC1B4AFB6500310FBA /* NewUINote.swift in Sources */,
				22FE610C1B4AFB6500310FBA /* OpusAudioPlayer.swift in Sources */,
				22FE61001B4AFB6500310FBA /* StaffScrollView.swift in Sources */,
				22FE60FC1B4AFB6500310FBA /* StaffEditorViewController.swift in Sources */,
				22FE60F41B4AFB6500310FBA /* Opus.swift in Sources */,
				22FE60F01B4AFB6500310FBA /* NoteSelectedPopViewController.swift in Sources */,
				22FE611C1B4AFB6500310FBA /* OpusStaffEvent.swift in Sources */,
				22FE60FA1B4AFB6500310FBA /* StaffContainerViewController.swift in Sources */,
				22FE60E21B4AFB6500310FBA /* FloatingMenuPopViewController.swift in Sources */,
				22FE61141B4AFB6500310FBA /* OpusNote.swift in Sources */,
				22FE61121B4AFB6500310FBA /* OpusMIDIAdapter.swift in Sources */,
				225D215B1B1F8AB0007DD37B /* opus_interface.xcdatamodeld in Sources */,
				22FE60F81B4AFB6500310FBA /* PlaybackMenuViewController.swift in Sources */,
				22FE611A1B4AFB6500310FBA /* OpusStaff.swift in Sources */,
				22FE610E1B4AFB6500310FBA /* OpusAUGraph.swift in Sources */,
				22FE60E41B4AFB6500310FBA /* GraphicConstants.swift in Sources */,
				22FE61161B4AFB6500310FBA /* OpusNoteValue.swift in Sources */,
				22FE61021B4AFB6500310FBA /* OldUINote.swift in Sources */,
				22FE60E81B4AFB6500310FBA /* LaunchViewController.swift in Sources */,
				225D21581B1F8AB0007DD37B /* AppDelegate.swift in Sources */,
				22FE61181B4AFB6500310FBA /* OpusRest.swift in Sources */,
				22FE61041B4AFB6500310FBA /* AudioAdapter.swift in Sources */,
				22FE60FE1B4AFB6500310FBA /* StaffNavigationViewController.swift in Sources */,
				22FE61081B4AFB6500310FBA /* Convert.swift in Sources */,
				22FE60F61B4AFB6500310FBA /* OpusMenuUIScrollView.swift in Sources */,
				22FE60EA1B4AFB6500310FBA /* MeasureViewController.swift in Sources */,
			);
			runOnlyForDeploymentPostprocessing = 0;
		};
		225D21661B1F8AB0007DD37B /* Sources */ = {
			isa = PBXSourcesBuildPhase;
			buildActionMask = 2147483647;
			files = (
				22FE60F31B4AFB6500310FBA /* OldStaffViewController.swift in Sources */,
				22FE61211B4AFB6500310FBA /* StaffViewModel.swift in Sources */,
				22FE610B1B4AFB6500310FBA /* opus_interface.xcdatamodeld in Sources */,
				22FE611F1B4AFB6500310FBA /* OpusTimeSignature.swift in Sources */,
				22D60F4E1B45940C00755C8F /* AppDelegate.swift in Sources */,
				22FE60DF1B4AFB6500310FBA /* DMDynamicViewController.swift in Sources */,
				22FE61071B4AFB6500310FBA /* AudioToolboxError.swift in Sources */,
				22FE61111B4AFB6500310FBA /* OpusKeySignature.swift in Sources */,
				22FE60ED1B4AFB6500310FBA /* NewUINote.swift in Sources */,
				22FE610D1B4AFB6500310FBA /* OpusAudioPlayer.swift in Sources */,
				22FE61011B4AFB6500310FBA /* StaffScrollView.swift in Sources */,
				22FE60FD1B4AFB6500310FBA /* StaffEditorViewController.swift in Sources */,
				22FE60F51B4AFB6500310FBA /* Opus.swift in Sources */,
				22FE60F11B4AFB6500310FBA /* NoteSelectedPopViewController.swift in Sources */,
				22FE611D1B4AFB6500310FBA /* OpusStaffEvent.swift in Sources */,
				22FE60FB1B4AFB6500310FBA /* StaffContainerViewController.swift in Sources */,
				22FE60E31B4AFB6500310FBA /* FloatingMenuPopViewController.swift in Sources */,
				22FE61151B4AFB6500310FBA /* OpusNote.swift in Sources */,
				22FE61131B4AFB6500310FBA /* OpusMIDIAdapter.swift in Sources */,
				22D60F4F1B45940C00755C8F /* ViewController.swift in Sources */,
				22FE60F91B4AFB6500310FBA /* PlaybackMenuViewController.swift in Sources */,
				22FE611B1B4AFB6500310FBA /* OpusStaff.swift in Sources */,
				22FE610F1B4AFB6500310FBA /* OpusAUGraph.swift in Sources */,
				22FE60E51B4AFB6500310FBA /* GraphicConstants.swift in Sources */,
				22FE61171B4AFB6500310FBA /* OpusNoteValue.swift in Sources */,
				22FE61031B4AFB6500310FBA /* OldUINote.swift in Sources */,
				22FE60E91B4AFB6500310FBA /* LaunchViewController.swift in Sources */,
				225D21711B1F8AB0007DD37B /* opus_interfaceTests.swift in Sources */,
				22FE61191B4AFB6500310FBA /* OpusRest.swift in Sources */,
				22FE61051B4AFB6500310FBA /* AudioAdapter.swift in Sources */,
				22FE60FF1B4AFB6500310FBA /* StaffNavigationViewController.swift in Sources */,
				22FE61091B4AFB6500310FBA /* Convert.swift in Sources */,
				22FE60F71B4AFB6500310FBA /* OpusMenuUIScrollView.swift in Sources */,
				22FE60EB1B4AFB6500310FBA /* MeasureViewController.swift in Sources */,
			);
			runOnlyForDeploymentPostprocessing = 0;
		};
/* End PBXSourcesBuildPhase section */

/* Begin PBXTargetDependency section */
		225D216C1B1F8AB0007DD37B /* PBXTargetDependency */ = {
			isa = PBXTargetDependency;
			target = 225D21511B1F8AB0007DD37B /* opus-interface */;
			targetProxy = 225D216B1B1F8AB0007DD37B /* PBXContainerItemProxy */;
		};
/* End PBXTargetDependency section */

/* Begin PBXVariantGroup section */
		225D215E1B1F8AB0007DD37B /* Main.storyboard */ = {
			isa = PBXVariantGroup;
			children = (
				225D215F1B1F8AB0007DD37B /* Base */,
			);
			name = Main.storyboard;
			sourceTree = "<group>";
		};
		225D21631B1F8AB0007DD37B /* LaunchScreen.xib */ = {
			isa = PBXVariantGroup;
			children = (
				225D21641B1F8AB0007DD37B /* Base */,
			);
			name = LaunchScreen.xib;
			sourceTree = "<group>";
		};
/* End PBXVariantGroup section */

/* Begin XCBuildConfiguration section */
		225D21721B1F8AB0007DD37B /* Debug */ = {
			isa = XCBuildConfiguration;
			buildSettings = {
				ALWAYS_SEARCH_USER_PATHS = NO;
				CLANG_CXX_LANGUAGE_STANDARD = "gnu++0x";
				CLANG_CXX_LIBRARY = "libc++";
				CLANG_ENABLE_MODULES = YES;
				CLANG_ENABLE_OBJC_ARC = YES;
				CLANG_WARN_BOOL_CONVERSION = YES;
				CLANG_WARN_CONSTANT_CONVERSION = YES;
				CLANG_WARN_DIRECT_OBJC_ISA_USAGE = YES_ERROR;
				CLANG_WARN_EMPTY_BODY = YES;
				CLANG_WARN_ENUM_CONVERSION = YES;
				CLANG_WARN_INT_CONVERSION = YES;
				CLANG_WARN_OBJC_ROOT_CLASS = YES_ERROR;
				CLANG_WARN_UNREACHABLE_CODE = YES;
				CLANG_WARN__DUPLICATE_METHOD_MATCH = YES;
				"CODE_SIGN_IDENTITY[sdk=iphoneos*]" = "iPhone Developer";
				COPY_PHASE_STRIP = NO;
				DEBUG_INFORMATION_FORMAT = "dwarf-with-dsym";
				ENABLE_STRICT_OBJC_MSGSEND = YES;
				GCC_C_LANGUAGE_STANDARD = gnu99;
				GCC_DYNAMIC_NO_PIC = NO;
				GCC_NO_COMMON_BLOCKS = YES;
				GCC_OPTIMIZATION_LEVEL = 0;
				GCC_PREPROCESSOR_DEFINITIONS = (
					"DEBUG=1",
					"$(inherited)",
				);
				GCC_SYMBOLS_PRIVATE_EXTERN = NO;
				GCC_WARN_64_TO_32_BIT_CONVERSION = YES;
				GCC_WARN_ABOUT_RETURN_TYPE = YES_ERROR;
				GCC_WARN_UNDECLARED_SELECTOR = YES;
				GCC_WARN_UNINITIALIZED_AUTOS = YES_AGGRESSIVE;
				GCC_WARN_UNUSED_FUNCTION = YES;
				GCC_WARN_UNUSED_VARIABLE = YES;
				IPHONEOS_DEPLOYMENT_TARGET = 8.3;
				MTL_ENABLE_DEBUG_INFO = YES;
				ONLY_ACTIVE_ARCH = YES;
				SDKROOT = iphoneos;
				SWIFT_OPTIMIZATION_LEVEL = "-Onone";
				TARGETED_DEVICE_FAMILY = 2;
			};
			name = Debug;
		};
		225D21731B1F8AB0007DD37B /* Release */ = {
			isa = XCBuildConfiguration;
			buildSettings = {
				ALWAYS_SEARCH_USER_PATHS = NO;
				CLANG_CXX_LANGUAGE_STANDARD = "gnu++0x";
				CLANG_CXX_LIBRARY = "libc++";
				CLANG_ENABLE_MODULES = YES;
				CLANG_ENABLE_OBJC_ARC = YES;
				CLANG_WARN_BOOL_CONVERSION = YES;
				CLANG_WARN_CONSTANT_CONVERSION = YES;
				CLANG_WARN_DIRECT_OBJC_ISA_USAGE = YES_ERROR;
				CLANG_WARN_EMPTY_BODY = YES;
				CLANG_WARN_ENUM_CONVERSION = YES;
				CLANG_WARN_INT_CONVERSION = YES;
				CLANG_WARN_OBJC_ROOT_CLASS = YES_ERROR;
				CLANG_WARN_UNREACHABLE_CODE = YES;
				CLANG_WARN__DUPLICATE_METHOD_MATCH = YES;
				"CODE_SIGN_IDENTITY[sdk=iphoneos*]" = "iPhone Developer";
				COPY_PHASE_STRIP = NO;
				DEBUG_INFORMATION_FORMAT = "dwarf-with-dsym";
				ENABLE_NS_ASSERTIONS = NO;
				ENABLE_STRICT_OBJC_MSGSEND = YES;
				GCC_C_LANGUAGE_STANDARD = gnu99;
				GCC_NO_COMMON_BLOCKS = YES;
				GCC_WARN_64_TO_32_BIT_CONVERSION = YES;
				GCC_WARN_ABOUT_RETURN_TYPE = YES_ERROR;
				GCC_WARN_UNDECLARED_SELECTOR = YES;
				GCC_WARN_UNINITIALIZED_AUTOS = YES_AGGRESSIVE;
				GCC_WARN_UNUSED_FUNCTION = YES;
				GCC_WARN_UNUSED_VARIABLE = YES;
				IPHONEOS_DEPLOYMENT_TARGET = 8.3;
				MTL_ENABLE_DEBUG_INFO = NO;
				SDKROOT = iphoneos;
				TARGETED_DEVICE_FAMILY = 2;
				VALIDATE_PRODUCT = YES;
			};
			name = Release;
		};
		225D21751B1F8AB0007DD37B /* Debug */ = {
			isa = XCBuildConfiguration;
			buildSettings = {
				ASSETCATALOG_COMPILER_APPICON_NAME = AppIcon;
				CLANG_ENABLE_MODULES = YES;
				INFOPLIST_FILE = "opus-interface/Info.plist";
				LD_RUNPATH_SEARCH_PATHS = "$(inherited) @executable_path/Frameworks";
				PRODUCT_NAME = "$(TARGET_NAME)";
				SWIFT_OPTIMIZATION_LEVEL = "-Onone";
			};
			name = Debug;
		};
		225D21761B1F8AB0007DD37B /* Release */ = {
			isa = XCBuildConfiguration;
			buildSettings = {
				ASSETCATALOG_COMPILER_APPICON_NAME = AppIcon;
				CLANG_ENABLE_MODULES = YES;
				INFOPLIST_FILE = "opus-interface/Info.plist";
				LD_RUNPATH_SEARCH_PATHS = "$(inherited) @executable_path/Frameworks";
				PRODUCT_NAME = "$(TARGET_NAME)";
			};
			name = Release;
		};
		225D21781B1F8AB0007DD37B /* Debug */ = {
			isa = XCBuildConfiguration;
			buildSettings = {
				BUNDLE_LOADER = "$(TEST_HOST)";
				CLANG_ENABLE_MODULES = YES;
				FRAMEWORK_SEARCH_PATHS = (
					"$(SDKROOT)/Developer/Library/Frameworks",
					"$(inherited)",
				);
				GCC_PREPROCESSOR_DEFINITIONS = (
					"DEBUG=1",
					"$(inherited)",
				);
				INFOPLIST_FILE = "opus-interfaceTests/Info.plist";
				LD_RUNPATH_SEARCH_PATHS = "$(inherited) @executable_path/Frameworks @loader_path/Frameworks";
				PRODUCT_NAME = "$(TARGET_NAME)";
				SWIFT_OPTIMIZATION_LEVEL = "-Onone";
				TEST_HOST = "$(BUILT_PRODUCTS_DIR)/opus-interface.app/opus-interface";
			};
			name = Debug;
		};
		225D21791B1F8AB0007DD37B /* Release */ = {
			isa = XCBuildConfiguration;
			buildSettings = {
				BUNDLE_LOADER = "$(TEST_HOST)";
				CLANG_ENABLE_MODULES = YES;
				FRAMEWORK_SEARCH_PATHS = (
					"$(SDKROOT)/Developer/Library/Frameworks",
					"$(inherited)",
				);
				INFOPLIST_FILE = "opus-interfaceTests/Info.plist";
				LD_RUNPATH_SEARCH_PATHS = "$(inherited) @executable_path/Frameworks @loader_path/Frameworks";
				PRODUCT_NAME = "$(TARGET_NAME)";
				TEST_HOST = "$(BUILT_PRODUCTS_DIR)/opus-interface.app/opus-interface";
			};
			name = Release;
		};
/* End XCBuildConfiguration section */

/* Begin XCConfigurationList section */
		225D214D1B1F8AB0007DD37B /* Build configuration list for PBXProject "opus-interface" */ = {
			isa = XCConfigurationList;
			buildConfigurations = (
				225D21721B1F8AB0007DD37B /* Debug */,
				225D21731B1F8AB0007DD37B /* Release */,
			);
			defaultConfigurationIsVisible = 0;
			defaultConfigurationName = Release;
		};
		225D21741B1F8AB0007DD37B /* Build configuration list for PBXNativeTarget "opus-interface" */ = {
			isa = XCConfigurationList;
			buildConfigurations = (
				225D21751B1F8AB0007DD37B /* Debug */,
				225D21761B1F8AB0007DD37B /* Release */,
			);
			defaultConfigurationIsVisible = 0;
			defaultConfigurationName = Release;
		};
		225D21771B1F8AB0007DD37B /* Build configuration list for PBXNativeTarget "opus-interfaceTests" */ = {
			isa = XCConfigurationList;
			buildConfigurations = (
				225D21781B1F8AB0007DD37B /* Debug */,
				225D21791B1F8AB0007DD37B /* Release */,
			);
			defaultConfigurationIsVisible = 0;
			defaultConfigurationName = Release;
		};
/* End XCConfigurationList section */

/* Begin XCVersionGroup section */
		225D21591B1F8AB0007DD37B /* opus_interface.xcdatamodeld */ = {
			isa = XCVersionGroup;
			children = (
				225D215A1B1F8AB0007DD37B /* opus_interface.xcdatamodel */,
			);
			currentVersion = 225D215A1B1F8AB0007DD37B /* opus_interface.xcdatamodel */;
			path = opus_interface.xcdatamodeld;
			sourceTree = "<group>";
			versionGroupType = wrapper.xcdatamodel;
		};
		22FE60D11B4AFB6500310FBA /* opus_interface.xcdatamodeld */ = {
			isa = XCVersionGroup;
			children = (
				22FE60D21B4AFB6500310FBA /* opus_interface.xcdatamodel */,
			);
			currentVersion = 22FE60D21B4AFB6500310FBA /* opus_interface.xcdatamodel */;
			name = opus_interface.xcdatamodeld;
			path = "opus-interface/opus_interface.xcdatamodeld";
			sourceTree = "<group>";
			versionGroupType = wrapper.xcdatamodel;
		};
/* End XCVersionGroup section */
	};
	rootObject = 225D214A1B1F8AB0007DD37B /* Project object */;
}
